
Microsoft Visual Studio Solution File, Format Version 12.00
# Visual Studio Version 17
VisualStudioVersion = 17.1.32228.430
MinimumVisualStudioVersion = 10.0.40219.1
Project("{9A19103F-16F7-4668-BE54-9A1E7A4F7556}") = "Blmk.Api", "AlephCRM.Api\Blmk.Api.csproj", "{DE1441D5-8FAA-439A-B681-1F23C9BCBF74}"
EndProject
Project("{2150E333-8FDC-42A3-9474-1A3956D46DE8}") = "src", "src", "{1E0353FC-5FB6-451F-94DA-546FF130FD1F}"
EndProject
Project("{9A19103F-16F7-4668-BE54-9A1E7A4F7556}") = "Blmk.Application", "AlephCRM.Application\Blmk.Application.csproj", "{CCFF935C-DD83-45E3-87B3-729C027419C4}"
EndProject
Project("{9A19103F-16F7-4668-BE54-9A1E7A4F7556}") = "Blmk.Infrastructure", "AlephCRM.Infrastructure\Blmk.Infrastructure.csproj", "{09423EF7-CA6B-40FB-8B74-46E5A5691401}"
EndProject
Project("{9A19103F-16F7-4668-BE54-9A1E7A4F7556}") = "Blmk.Domain", "Aleph.Domain\Blmk.Domain.csproj", "{9DA0806B-5952-4338-841F-4AB94C5B888B}"
EndProject
Global
	GlobalSection(SolutionConfigurationPlatforms) = preSolution
		Debug|Any CPU = Debug|Any CPU
		Release|Any CPU = Release|Any CPU
	EndGlobalSection
	GlobalSection(ProjectConfigurationPlatforms) = postSolution
		{DE1441D5-8FAA-439A-B681-1F23C9BCBF74}.Debug|Any CPU.ActiveCfg = Debug|Any CPU
		{DE1441D5-8FAA-439A-B681-1F23C9BCBF74}.Debug|Any CPU.Build.0 = Debug|Any CPU
		{DE1441D5-8FAA-439A-B681-1F23C9BCBF74}.Release|Any CPU.ActiveCfg = Release|Any CPU
		{DE1441D5-8FAA-439A-B681-1F23C9BCBF74}.Release|Any CPU.Build.0 = Release|Any CPU
		{CCFF935C-DD83-45E3-87B3-729C027419C4}.Debug|Any CPU.ActiveCfg = Debug|Any CPU
		{CCFF935C-DD83-45E3-87B3-729C027419C4}.Debug|Any CPU.Build.0 = Debug|Any CPU
		{CCFF935C-DD83-45E3-87B3-729C027419C4}.Release|Any CPU.ActiveCfg = Release|Any CPU
		{CCFF935C-DD83-45E3-87B3-729C027419C4}.Release|Any CPU.Build.0 = Release|Any CPU
		{09423EF7-CA6B-40FB-8B74-46E5A5691401}.Debug|Any CPU.ActiveCfg = Debug|Any CPU
		{09423EF7-CA6B-40FB-8B74-46E5A5691401}.Debug|Any CPU.Build.0 = Debug|Any CPU
		{09423EF7-CA6B-40FB-8B74-46E5A5691401}.Release|Any CPU.ActiveCfg = Release|Any CPU
		{09423EF7-CA6B-40FB-8B74-46E5A5691401}.Release|Any CPU.Build.0 = Release|Any CPU
		{9DA0806B-5952-4338-841F-4AB94C5B888B}.Debug|Any CPU.ActiveCfg = Debug|Any CPU
		{9DA0806B-5952-4338-841F-4AB94C5B888B}.Debug|Any CPU.Build.0 = Debug|Any CPU
		{9DA0806B-5952-4338-841F-4AB94C5B888B}.Release|Any CPU.ActiveCfg = Release|Any CPU
		{9DA0806B-5952-4338-841F-4AB94C5B888B}.Release|Any CPU.Build.0 = Release|Any CPU
	EndGlobalSection
	GlobalSection(SolutionProperties) = preSolution
		HideSolutionNode = FALSE
	EndGlobalSection
	GlobalSection(NestedProjects) = preSolution
		{DE1441D5-8FAA-439A-B681-1F23C9BCBF74} = {1E0353FC-5FB6-451F-94DA-546FF130FD1F}
		{CCFF935C-DD83-45E3-87B3-729C027419C4} = {1E0353FC-5FB6-451F-94DA-546FF130FD1F}
		{09423EF7-CA6B-40FB-8B74-46E5A5691401} = {1E0353FC-5FB6-451F-94DA-546FF130FD1F}
		{9DA0806B-5952-4338-841F-4AB94C5B888B} = {1E0353FC-5FB6-451F-94DA-546FF130FD1F}
	EndGlobalSection
	GlobalSection(ExtensibilityGlobals) = postSolution
		SolutionGuid = {0ADDCDD1-79E3-40EA-A263-B9DA3308F0E9}
	EndGlobalSection
EndGlobal
