
Microsoft Visual Studio Solution File, Format Version 12.00
# Visual Studio Version 17
VisualStudioVersion = 17.1.32228.430
MinimumVisualStudioVersion = 10.0.40219.1
Project("{2150E333-8FDC-42A3-9474-1A3956D46DE8}") = "src", "src", "{1E0353FC-5FB6-451F-94DA-546FF130FD1F}"
EndProject
Project("{9A19103F-16F7-4668-BE54-9A1E7A4F7556}") = "Blmk.Api", "Blmk.Api\Blmk.Api.csproj", "{8B5D81C5-2634-423D-97CF-546BB1D62C72}"
EndProject
Project("{9A19103F-16F7-4668-BE54-9A1E7A4F7556}") = "Blmk.Application", "Blmk.Application\Blmk.Application.csproj", "{B122DF6D-FD40-4770-B834-A2C32D3B3076}"
EndProject
Project("{9A19103F-16F7-4668-BE54-9A1E7A4F7556}") = "Blmk.Domain", "Blmk.Domain\Blmk.Domain.csproj", "{76B4989D-7E79-4F12-A299-F4589A9ECCD3}"
EndProject
Project("{9A19103F-16F7-4668-BE54-9A1E7A4F7556}") = "Blmk.Infrastructure", "Blmk.Infrastructure\Blmk.Infrastructure.csproj", "{C9DF6C6F-9E4B-48F3-8549-CC5A7BECC2ED}"
EndProject
Global
	GlobalSection(SolutionConfigurationPlatforms) = preSolution
		Debug|Any CPU = Debug|Any CPU
		Release|Any CPU = Release|Any CPU
	EndGlobalSection
	GlobalSection(ProjectConfigurationPlatforms) = postSolution
		{8B5D81C5-2634-423D-97CF-546BB1D62C72}.Debug|Any CPU.ActiveCfg = Debug|Any CPU
		{8B5D81C5-2634-423D-97CF-546BB1D62C72}.Debug|Any CPU.Build.0 = Debug|Any CPU
		{8B5D81C5-2634-423D-97CF-546BB1D62C72}.Release|Any CPU.ActiveCfg = Release|Any CPU
		{8B5D81C5-2634-423D-97CF-546BB1D62C72}.Release|Any CPU.Build.0 = Release|Any CPU
		{B122DF6D-FD40-4770-B834-A2C32D3B3076}.Debug|Any CPU.ActiveCfg = Debug|Any CPU
		{B122DF6D-FD40-4770-B834-A2C32D3B3076}.Debug|Any CPU.Build.0 = Debug|Any CPU
		{B122DF6D-FD40-4770-B834-A2C32D3B3076}.Release|Any CPU.ActiveCfg = Release|Any CPU
		{B122DF6D-FD40-4770-B834-A2C32D3B3076}.Release|Any CPU.Build.0 = Release|Any CPU
		{76B4989D-7E79-4F12-A299-F4589A9ECCD3}.Debug|Any CPU.ActiveCfg = Debug|Any CPU
		{76B4989D-7E79-4F12-A299-F4589A9ECCD3}.Debug|Any CPU.Build.0 = Debug|Any CPU
		{76B4989D-7E79-4F12-A299-F4589A9ECCD3}.Release|Any CPU.ActiveCfg = Release|Any CPU
		{76B4989D-7E79-4F12-A299-F4589A9ECCD3}.Release|Any CPU.Build.0 = Release|Any CPU
		{C9DF6C6F-9E4B-48F3-8549-CC5A7BECC2ED}.Debug|Any CPU.ActiveCfg = Debug|Any CPU
		{C9DF6C6F-9E4B-48F3-8549-CC5A7BECC2ED}.Debug|Any CPU.Build.0 = Debug|Any CPU
		{C9DF6C6F-9E4B-48F3-8549-CC5A7BECC2ED}.Release|Any CPU.ActiveCfg = Release|Any CPU
		{C9DF6C6F-9E4B-48F3-8549-CC5A7BECC2ED}.Release|Any CPU.Build.0 = Release|Any CPU
	EndGlobalSection
	GlobalSection(SolutionProperties) = preSolution
		HideSolutionNode = FALSE
	EndGlobalSection
	GlobalSection(NestedProjects) = preSolution
		{8B5D81C5-2634-423D-97CF-546BB1D62C72} = {1E0353FC-5FB6-451F-94DA-546FF130FD1F}
		{B122DF6D-FD40-4770-B834-A2C32D3B3076} = {1E0353FC-5FB6-451F-94DA-546FF130FD1F}
		{76B4989D-7E79-4F12-A299-F4589A9ECCD3} = {1E0353FC-5FB6-451F-94DA-546FF130FD1F}
		{C9DF6C6F-9E4B-48F3-8549-CC5A7BECC2ED} = {1E0353FC-5FB6-451F-94DA-546FF130FD1F}
	EndGlobalSection
	GlobalSection(ExtensibilityGlobals) = postSolution
		SolutionGuid = {0ADDCDD1-79E3-40EA-A263-B9DA3308F0E9}
	EndGlobalSection
EndGlobal
